
Microsoft Visual Studio Solution File, Format Version 12.00
# Visual Studio Version 16
VisualStudioVersion = 16.0.31424.327
MinimumVisualStudioVersion = 10.0.40219.1
Project("{FAE04EC0-301F-11D3-BF4B-00C04F79EFBC}") = "PersonelProje", "PersonelProje\PersonelProje.csproj", "{3AE42292-C81D-4369-974D-69A1FFF9B918}"
EndProject
Global
	GlobalSection(SolutionConfigurationPlatforms) = preSolution
		Debug|Any CPU = Debug|Any CPU
		Release|Any CPU = Release|Any CPU
	EndGlobalSection
	GlobalSection(ProjectConfigurationPlatforms) = postSolution
		{3AE42292-C81D-4369-974D-69A1FFF9B918}.Debug|Any CPU.ActiveCfg = Debug|Any CPU
		{3AE42292-C81D-4369-974D-69A1FFF9B918}.Debug|Any CPU.Build.0 = Debug|Any CPU
		{3AE42292-C81D-4369-974D-69A1FFF9B918}.Release|Any CPU.ActiveCfg = Release|Any CPU
		{3AE42292-C81D-4369-974D-69A1FFF9B918}.Release|Any CPU.Build.0 = Release|Any CPU
	EndGlobalSection
	GlobalSection(SolutionProperties) = preSolution
		HideSolutionNode = FALSE
	EndGlobalSection
	GlobalSection(ExtensibilityGlobals) = postSolution
		SolutionGuid = {81B0F202-A2CC-411D-959E-933297EEAABC}
	EndGlobalSection
EndGlobal
